github.com/aws/aws-sdk-go v1.51.21/go.mod h1:LF8svs817+Nz+DmiMQKTO3ubZ/6IaTpq3TjupRn3Eqk=
github.com/gabriel-vasile/mimetype v1.4.3/go.mod h1:d8uq/6HKRL6CGdk+aubisF/M5GcPfT7nKyLpA0lbSSk=
github.com/klauspost/compress v1.17.7/go.mod h1:Di0epgTjJY877eYKx5yC51cX2A2Vl2ibi7bDH9ttBbw=
github.com/thomaspoignant/go-feature-flag v1.26.0/go.mod h1:YRN2FOsDGFPy1kBBP3UAldFSaqFYbb0AGsINpTTGwcc=
google.golang.org/api v0.172.0/go.mod h1:+fJZq6QXWfa9pXhnIzsjx4yI22d4aI9ZpLb58gvXjis=